// !$*UTF8*$!
{
	archiveVersion = 1;
	classes = {
	};
	objectVersion = 46;
	objects = {

/* Begin PBXBuildFile section */
		6F813CD61ED41C6300D644D4 /* secondTableViewCell.m in Sources */ = {isa = PBXBuildFile; fileRef = 6F813CD51ED41C6300D644D4 /* secondTableViewCell.m */; };
		6FBAA7D71ED2E1480093AC67 /* main.m in Sources */ = {isa = PBXBuildFile; fileRef = 6FBAA7D61ED2E1480093AC67 /* main.m */; };
		6FBAA7DA1ED2E1480093AC67 /* AppDelegate.m in Sources */ = {isa = PBXBuildFile; fileRef = 6FBAA7D91ED2E1480093AC67 /* AppDelegate.m */; };
		6FBAA7DD1ED2E1480093AC67 /* ViewController.m in Sources */ = {isa = PBXBuildFile; fileRef = 6FBAA7DC1ED2E1480093AC67 /* ViewController.m */; };
		6FBAA7E01ED2E1480093AC67 /* Main.storyboard in Resources */ = {isa = PBXBuildFile; fileRef = 6FBAA7DE1ED2E1480093AC67 /* Main.storyboard */; };
		6FBAA7E31ED2E1480093AC67 /* AAPataindance.xcdatamodeld in Sources */ = {isa = PBXBuildFile; fileRef = 6FBAA7E11ED2E1480093AC67 /* AAPataindance.xcdatamodeld */; };
		6FBAA7E51ED2E1480093AC67 /* Assets.xcassets in Resources */ = {isa = PBXBuildFile; fileRef = 6FBAA7E41ED2E1480093AC67 /* Assets.xcassets */; };
		6FBAA7E81ED2E1480093AC67 /* LaunchScreen.storyboard in Resources */ = {isa = PBXBuildFile; fileRef = 6FBAA7E61ED2E1480093AC67 /* LaunchScreen.storyboard */; };
		6FBAA7F11ED2E2AC0093AC67 /* nextViewController.m in Sources */ = {isa = PBXBuildFile; fileRef = 6FBAA7F01ED2E2AC0093AC67 /* nextViewController.m */; };
/* End PBXBuildFile section */

/* Begin PBXFileReference section */
		6F813CD41ED41C6300D644D4 /* secondTableViewCell.h */ = {isa = PBXFileReference; fileEncoding = 4; lastKnownFileType = sourcecode.c.h; path = secondTableViewCell.h; sourceTree = "<group>"; };
		6F813CD51ED41C6300D644D4 /* secondTableViewCell.m */ = {isa = PBXFileReference; fileEncoding = 4; lastKnownFileType = sourcecode.c.objc; path = secondTableViewCell.m; sourceTree = "<group>"; };
		6FBAA7D21ED2E1480093AC67 /* AAPataindance.app */ = {isa = PBXFileReference; explicitFileType = wrapper.application; includeInIndex = 0; path = AAPataindance.app; sourceTree = BUILT_PRODUCTS_DIR; };
		6FBAA7D61ED2E1480093AC67 /* main.m */ = {isa = PBXFileReference; lastKnownFileType = sourcecode.c.objc; path = main.m; sourceTree = "<group>"; };
		6FBAA7D81ED2E1480093AC67 /* AppDelegate.h */ = {isa = PBXFileReference; lastKnownFileType = sourcecode.c.h; path = AppDelegate.h; sourceTree = "<group>"; };
		6FBAA7D91ED2E1480093AC67 /* AppDelegate.m */ = {isa = PBXFileReference; lastKnownFileType = sourcecode.c.objc; path = AppDelegate.m; sourceTree = "<group>"; };
		6FBAA7DB1ED2E1480093AC67 /* ViewController.h */ = {isa = PBXFileReference; lastKnownFileType = sourcecode.c.h; path = ViewController.h; sourceTree = "<group>"; };
		6FBAA7DC1ED2E1480093AC67 /* ViewController.m */ = {isa = PBXFileReference; lastKnownFileType = sourcecode.c.objc; path = ViewController.m; sourceTree = "<group>"; };
		6FBAA7DF1ED2E1480093AC67 /* Base */ = {isa = PBXFileReference; lastKnownFileType = file.storyboard; name = Base; path = Base.lproj/Main.storyboard; sourceTree = "<group>"; };
		6FBAA7E21ED2E1480093AC67 /* AAPataindance.xcdatamodel */ = {isa = PBXFileReference; lastKnownFileType = wrapper.xcdatamodel; path = AAPataindance.xcdatamodel; sourceTree = "<group>"; };
		6FBAA7E41ED2E1480093AC67 /* Assets.xcassets */ = {isa = PBXFileReference; lastKnownFileType = folder.assetcatalog; path = Assets.xcassets; sourceTree = "<group>"; };
		6FBAA7E71ED2E1480093AC67 /* Base */ = {isa = PBXFileReference; lastKnownFileType = file.storyboard; name = Base; path = Base.lproj/LaunchScreen.storyboard; sourceTree = "<group>"; };
		6FBAA7E91ED2E1480093AC67 /* Info.plist */ = {isa = PBXFileReference; lastKnownFileType = text.plist.xml; path = Info.plist; sourceTree = "<group>"; };
		6FBAA7EF1ED2E2AC0093AC67 /* nextViewController.h */ = {isa = PBXFileReference; fileEncoding = 4; lastKnownFileType = sourcecode.c.h; path = nextViewController.h; sourceTree = "<group>"; };
		6FBAA7F01ED2E2AC0093AC67 /* nextViewController.m */ = {isa = PBXFileReference; fileEncoding = 4; lastKnownFileType = sourcecode.c.objc; path = nextViewController.m; sourceTree = "<group>"; };
/* End PBXFileReference section */

/* Begin PBXFrameworksBuildPhase section */
		6FBAA7CF1ED2E1480093AC67 /* Frameworks */ = {
			isa = PBXFrameworksBuildPhase;
			buildActionMask = 2147483647;
			files = (
			);
			runOnlyForDeploymentPostprocessing = 0;
		};
/* End PBXFrameworksBuildPhase section */

/* Begin PBXGroup section */
		6FBAA7C91ED2E1480093AC67 = {
			isa = PBXGroup;
			children = (
				6FBAA7D41ED2E1480093AC67 /* AAPataindance */,
				6FBAA7D31ED2E1480093AC67 /* Products */,
			);
			sourceTree = "<group>";
		};
		6FBAA7D31ED2E1480093AC67 /* Products */ = {
			isa = PBXGroup;
			children = (
				6FBAA7D21ED2E1480093AC67 /* AAPataindance.app */,
			);
			name = Products;
			sourceTree = "<group>";
		};
		6FBAA7D41ED2E1480093AC67 /* AAPataindance */ = {
			isa = PBXGroup;
			children = (
				6FBAA7D81ED2E1480093AC67 /* AppDelegate.h */,
				6FBAA7D91ED2E1480093AC67 /* AppDelegate.m */,
				6F813CD41ED41C6300D644D4 /* secondTableViewCell.h */,
				6F813CD51ED41C6300D644D4 /* secondTableViewCell.m */,
				6FBAA7EF1ED2E2AC0093AC67 /* nextViewController.h */,
				6FBAA7F01ED2E2AC0093AC67 /* nextViewController.m */,
				6FBAA7DB1ED2E1480093AC67 /* ViewController.h */,
				6FBAA7DC1ED2E1480093AC67 /* ViewController.m */,
				6FBAA7DE1ED2E1480093AC67 /* Main.storyboard */,
				6FBAA7E41ED2E1480093AC67 /* Assets.xcassets */,
				6FBAA7E61ED2E1480093AC67 /* LaunchScreen.storyboard */,
				6FBAA7E91ED2E1480093AC67 /* Info.plist */,
				6FBAA7E11ED2E1480093AC67 /* AAPataindance.xcdatamodeld */,
				6FBAA7D51ED2E1480093AC67 /* Supporting Files */,
			);
			path = AAPataindance;
			sourceTree = "<group>";
		};
		6FBAA7D51ED2E1480093AC67 /* Supporting Files */ = {
			isa = PBXGroup;
			children = (
				6FBAA7D61ED2E1480093AC67 /* main.m */,
			);
			name = "Supporting Files";
			sourceTree = "<group>";
		};
/* End PBXGroup section */

/* Begin PBXNativeTarget section */
		6FBAA7D11ED2E1480093AC67 /* AAPataindance */ = {
			isa = PBXNativeTarget;
			buildConfigurationList = 6FBAA7EC1ED2E1480093AC67 /* Build configuration list for PBXNativeTarget "AAPataindance" */;
			buildPhases = (
				6FBAA7CE1ED2E1480093AC67 /* Sources */,
				6FBAA7CF1ED2E1480093AC67 /* Frameworks */,
				6FBAA7D01ED2E1480093AC67 /* Resources */,
			);
			buildRules = (
			);
			dependencies = (
			);
			name = AAPataindance;
			productName = AAPataindance;
			productReference = 6FBAA7D21ED2E1480093AC67 /* AAPataindance.app */;
			productType = "com.apple.product-type.application";
		};
/* End PBXNativeTarget section */

/* Begin PBXProject section */
		6FBAA7CA1ED2E1480093AC67 /* Project object */ = {
			isa = PBXProject;
			attributes = {
				LastUpgradeCheck = 0820;
				ORGANIZATIONNAME = Felix;
				TargetAttributes = {
					6FBAA7D11ED2E1480093AC67 = {
						CreatedOnToolsVersion = 8.2;
						ProvisioningStyle = Automatic;
					};
				};
			};
			buildConfigurationList = 6FBAA7CD1ED2E1480093AC67 /* Build configuration list for PBXProject "AAPataindance" */;
			compatibilityVersion = "Xcode 3.2";
			developmentRegion = English;
			hasScannedForEncodings = 0;
			knownRegions = (
				en,
				Base,
			);
			mainGroup = 6FBAA7C91ED2E1480093AC67;
			productRefGroup = 6FBAA7D31ED2E1480093AC67 /* Products */;
			projectDirPath = "";
			projectRoot = "";
			targets = (
				6FBAA7D11ED2E1480093AC67 /* AAPataindance */,
			);
		};
/* End PBXProject section */

/* Begin PBXResourcesBuildPhase section */
		6FBAA7D01ED2E1480093AC67 /* Resources */ = {
			isa = PBXResourcesBuildPhase;
			buildActionMask = 2147483647;
			files = (
				6FBAA7E81ED2E1480093AC67 /* LaunchScreen.storyboard in Resources */,
				6FBAA7E51ED2E1480093AC67 /* Assets.xcassets in Resources */,
				6FBAA7E01ED2E1480093AC67 /* Main.storyboard in Resources */,
			);
			runOnlyForDeploymentPostprocessing = 0;
		};
/* End PBXResourcesBuildPhase section */

/* Begin PBXSourcesBuildPhase section */
		6FBAA7CE1ED2E1480093AC67 /* Sources */ = {
			isa = PBXSourcesBuildPhase;
			buildActionMask = 2147483647;
			files = (
				6FBAA7E31ED2E1480093AC67 /* AAPataindance.xcdatamodeld in Sources */,
				6FBAA7DD1ED2E1480093AC67 /* ViewController.m in Sources */,
				6FBAA7DA1ED2E1480093AC67 /* AppDelegate.m in Sources */,
				6FBAA7D71ED2E1480093AC67 /* main.m in Sources */,
				6FBAA7F11ED2E2AC0093AC67 /* nextViewController.m in Sources */,
				6F813CD61ED41C6300D644D4 /* secondTableViewCell.m in Sources */,
			);
			runOnlyForDeploymentPostprocessing = 0;
		};
/* End PBXSourcesBuildPhase section */

/* Begin PBXVariantGroup section */
		6FBAA7DE1ED2E1480093AC67 /* Main.storyboard */ = {
			isa = PBXVariantGroup;
			children = (
				6FBAA7DF1ED2E1480093AC67 /* Base */,
			);
			name = Main.storyboard;
			sourceTree = "<group>";
		};
		6FBAA7E61ED2E1480093AC67 /* LaunchScreen.storyboard */ = {
			isa = PBXVariantGroup;
			children = (
				6FBAA7E71ED2E1480093AC67 /* Base */,
			);
			name = LaunchScreen.storyboard;
			sourceTree = "<group>";
		};
/* End PBXVariantGroup section */

/* Begin XCBuildConfiguration section */
		6FBAA7EA1ED2E1480093AC67 /* Debug */ = {
			isa = XCBuildConfiguration;
			buildSettings = {
				ALWAYS_SEARCH_USER_PATHS = NO;
				CLANG_ANALYZER_NONNULL = YES;
				CLANG_CXX_LANGUAGE_STANDARD = "gnu++0x";
				CLANG_CXX_LIBRARY = "libc++";
				CLANG_ENABLE_MODULES = YES;
				CLANG_ENABLE_OBJC_ARC = YES;
				CLANG_WARN_BOOL_CONVERSION = YES;
				CLANG_WARN_CONSTANT_CONVERSION = YES;
				CLANG_WARN_DIRECT_OBJC_ISA_USAGE = YES_ERROR;
				CLANG_WARN_DOCUMENTATION_COMMENTS = YES;
				CLANG_WARN_EMPTY_BODY = YES;
				CLANG_WARN_ENUM_CONVERSION = YES;
				CLANG_WARN_INFINITE_RECURSION = YES;
				CLANG_WARN_INT_CONVERSION = YES;
				CLANG_WARN_OBJC_ROOT_CLASS = YES_ERROR;
				CLANG_WARN_SUSPICIOUS_MOVE = YES;
				CLANG_WARN_UNREACHABLE_CODE = YES;
				CLANG_WARN__DUPLICATE_METHOD_MATCH = YES;
				"CODE_SIGN_IDENTITY[sdk=iphoneos*]" = "iPhone Developer";
				COPY_PHASE_STRIP = NO;
				DEBUG_INFORMATION_FORMAT = dwarf;
				ENABLE_STRICT_OBJC_MSGSEND = YES;
				ENABLE_TESTABILITY = YES;
				GCC_C_LANGUAGE_STANDARD = gnu99;
				GCC_DYNAMIC_NO_PIC = NO;
				GCC_NO_COMMON_BLOCKS = YES;
				GCC_OPTIMIZATION_LEVEL = 0;
				GCC_PREPROCESSOR_DEFINITIONS = (
					"DEBUG=1",
					"$(inherited)",
				);
				GCC_WARN_64_TO_32_BIT_CONVERSION = YES;
				GCC_WARN_ABOUT_RETURN_TYPE = YES_ERROR;
				GCC_WARN_UNDECLARED_SELECTOR = YES;
				GCC_WARN_UNINITIALIZED_AUTOS = YES_AGGRESSIVE;
				GCC_WARN_UNUSED_FUNCTION = YES;
				GCC_WARN_UNUSED_VARIABLE = YES;
				IPHONEOS_DEPLOYMENT_TARGET = 10.2;
				MTL_ENABLE_DEBUG_INFO = YES;
				ONLY_ACTIVE_ARCH = YES;
				SDKROOT = iphoneos;
				TARGETED_DEVICE_FAMILY = "1,2";
			};
			name = Debug;
		};
		6FBAA7EB1ED2E1480093AC67 /* Release */ = {
			isa = XCBuildConfiguration;
			buildSettings = {
				ALWAYS_SEARCH_USER_PATHS = NO;
				CLANG_ANALYZER_NONNULL = YES;
				CLANG_CXX_LANGUAGE_STANDARD = "gnu++0x";
				CLANG_CXX_LIBRARY = "libc++";
				CLANG_ENABLE_MODULES = YES;
				CLANG_ENABLE_OBJC_ARC = YES;
				CLANG_WARN_BOOL_CONVERSION = YES;
				CLANG_WARN_CONSTANT_CONVERSION = YES;
				CLANG_WARN_DIRECT_OBJC_ISA_USAGE = YES_ERROR;
				CLANG_WARN_DOCUMENTATION_COMMENTS = YES;
				CLANG_WARN_EMPTY_BODY = YES;
				CLANG_WARN_ENUM_CONVERSION = YES;
				CLANG_WARN_INFINITE_RECURSION = YES;
				CLANG_WARN_INT_CONVERSION = YES;
				CLANG_WARN_OBJC_ROOT_CLASS = YES_ERROR;
				CLANG_WARN_SUSPICIOUS_MOVE = YES;
				CLANG_WARN_UNREACHABLE_CODE = YES;
				CLANG_WARN__DUPLICATE_METHOD_MATCH = YES;
				"CODE_SIGN_IDENTITY[sdk=iphoneos*]" = "iPhone Developer";
				COPY_PHASE_STRIP = NO;
				DEBUG_INFORMATION_FORMAT = "dwarf-with-dsym";
				ENABLE_NS_ASSERTIONS = NO;
				ENABLE_STRICT_OBJC_MSGSEND = YES;
				GCC_C_LANGUAGE_STANDARD = gnu99;
				GCC_NO_COMMON_BLOCKS = YES;
				GCC_WARN_64_TO_32_BIT_CONVERSION = YES;
				GCC_WARN_ABOUT_RETURN_TYPE = YES_ERROR;
				GCC_WARN_UNDECLARED_SELECTOR = YES;
				GCC_WARN_UNINITIALIZED_AUTOS = YES_AGGRESSIVE;
				GCC_WARN_UNUSED_FUNCTION = YES;
				GCC_WARN_UNUSED_VARIABLE = YES;
				IPHONEOS_DEPLOYMENT_TARGET = 10.2;
				MTL_ENABLE_DEBUG_INFO = NO;
				SDKROOT = iphoneos;
				TARGETED_DEVICE_FAMILY = "1,2";
				VALIDATE_PRODUCT = YES;
			};
			name = Release;
		};
		6FBAA7ED1ED2E1480093AC67 /* Debug */ = {
			isa = XCBuildConfiguration;
			buildSettings = {
				ASSETCATALOG_COMPILER_APPICON_NAME = AppIcon;
				INFOPLIST_FILE = AAPataindance/Info.plist;
				LD_RUNPATH_SEARCH_PATHS = "$(inherited) @executable_path/Frameworks";
				PRODUCT_BUNDLE_IDENTIFIER = com.gayatri.AAPataindance;
				PRODUCT_NAME = "$(TARGET_NAME)";
			};
			name = Debug;
		};
		6FBAA7EE1ED2E1480093AC67 /* Release */ = {
			isa = XCBuildConfiguration;
			buildSettings = {
				ASSETCATALOG_COMPILER_APPICON_NAME = AppIcon;
				INFOPLIST_FILE = AAPataindance/Info.plist;
				LD_RUNPATH_SEARCH_PATHS = "$(inherited) @executable_path/Frameworks";
				PRODUCT_BUNDLE_IDENTIFIER = com.gayatri.AAPataindance;
				PRODUCT_NAME = "$(TARGET_NAME)";
			};
			name = Release;
		};
/* End XCBuildConfiguration section */

/* Begin XCConfigurationList section */
		6FBAA7CD1ED2E1480093AC67 /* Build configuration list for PBXProject "AAPataindance" */ = {
			isa = XCConfigurationList;
			buildConfigurations = (
				6FBAA7EA1ED2E1480093AC67 /* Debug */,
				6FBAA7EB1ED2E1480093AC67 /* Release */,
			);
			defaultConfigurationIsVisible = 0;
			defaultConfigurationName = Release;
		};
		6FBAA7EC1ED2E1480093AC67 /* Build configuration list for PBXNativeTarget "AAPataindance" */ = {
			isa = XCConfigurationList;
			buildConfigurations = (
				6FBAA7ED1ED2E1480093AC67 /* Debug */,
				6FBAA7EE1ED2E1480093AC67 /* Release */,
			);
			defaultConfigurationIsVisible = 0;
			defaultConfigurationName = Release;
		};
/* End XCConfigurationList section */

/* Begin XCVersionGroup section */
		6FBAA7E11ED2E1480093AC67 /* AAPataindance.xcdatamodeld */ = {
			isa = XCVersionGroup;
			children = (
				6FBAA7E21ED2E1480093AC67 /* AAPataindance.xcdatamodel */,
			);
			currentVersion = 6FBAA7E21ED2E1480093AC67 /* AAPataindance.xcdatamodel */;
			path = AAPataindance.xcdatamodeld;
			sourceTree = "<group>";
			versionGroupType = wrapper.xcdatamodel;
		};
/* End XCVersionGroup section */
	};
	rootObject = 6FBAA7CA1ED2E1480093AC67 /* Project object */;
}
